// !$*UTF8*$!
{
	archiveVersion = 1;
	classes = {
	};
	objectVersion = 56;
	objects = {

/* Begin PBXBuildFile section */
		2B0B79F72CC62607005091D4 /* HomePageView.swift in Sources */ = {isa = PBXBuildFile; fileRef = 2B0B79F62CC62607005091D4 /* HomePageView.swift */; };
		2B0B79FA2CC626F7005091D4 /* SignUpView.swift in Sources */ = {isa = PBXBuildFile; fileRef = 2B0B79F92CC626F7005091D4 /* SignUpView.swift */; };
		2B0B79FC2CC6292A005091D4 /* UITextFieldAndButton.swift in Sources */ = {isa = PBXBuildFile; fileRef = 2B0B79FB2CC6292A005091D4 /* UITextFieldAndButton.swift */; };
		2B0B79FE2CC62C82005091D4 /* KeyboardResponsiveModifier.swift in Sources */ = {isa = PBXBuildFile; fileRef = 2B0B79FD2CC62C82005091D4 /* KeyboardResponsiveModifier.swift */; };
		2B0B7A002CC632D6005091D4 /* ProductCellDataReusable.swift in Sources */ = {isa = PBXBuildFile; fileRef = 2B0B79FF2CC632D6005091D4 /* ProductCellDataReusable.swift */; };
		2B0B7A032CC633BF005091D4 /* PopUpView.swift in Sources */ = {isa = PBXBuildFile; fileRef = 2B0B7A022CC633BF005091D4 /* PopUpView.swift */; };
		2B0B7A052CC63500005091D4 /* addedProductButton.swift in Sources */ = {isa = PBXBuildFile; fileRef = 2B0B7A042CC63500005091D4 /* addedProductButton.swift */; };
		2B0B7A072CC65409005091D4 /* SearchBarProductView.swift in Sources */ = {isa = PBXBuildFile; fileRef = 2B0B7A062CC65409005091D4 /* SearchBarProductView.swift */; };
		2B216B552CC78779002AF809 /* TopSelfSection.swift in Sources */ = {isa = PBXBuildFile; fileRef = 2B216B542CC78779002AF809 /* TopSelfSection.swift */; };
		2B216B582CC7938C002AF809 /* HealthPlansView.swift in Sources */ = {isa = PBXBuildFile; fileRef = 2B216B572CC7938C002AF809 /* HealthPlansView.swift */; };
		2B92423D2CC237770031B39D /* Tata_1mgApp.swift in Sources */ = {isa = PBXBuildFile; fileRef = 2B92423C2CC237770031B39D /* Tata_1mgApp.swift */; };
		2B92423F2CC237770031B39D /* ContentView.swift in Sources */ = {isa = PBXBuildFile; fileRef = 2B92423E2CC237770031B39D /* ContentView.swift */; };
		2B9242412CC237780031B39D /* Assets.xcassets in Resources */ = {isa = PBXBuildFile; fileRef = 2B9242402CC237780031B39D /* Assets.xcassets */; };
		2B9242442CC237780031B39D /* Preview Assets.xcassets in Resources */ = {isa = PBXBuildFile; fileRef = 2B9242432CC237780031B39D /* Preview Assets.xcassets */; };
		2B9242462CC237780031B39D /* Persistence.swift in Sources */ = {isa = PBXBuildFile; fileRef = 2B9242452CC237780031B39D /* Persistence.swift */; };
		2B9242492CC237790031B39D /* Tata_1mg.xcdatamodeld in Sources */ = {isa = PBXBuildFile; fileRef = 2B9242472CC237790031B39D /* Tata_1mg.xcdatamodeld */; };
		2B9242542CC238C10031B39D /* UIExtensions.swift in Sources */ = {isa = PBXBuildFile; fileRef = 2B9242532CC238C10031B39D /* UIExtensions.swift */; };
		2B92425C2CC239A80031B39D /* Poppins-Light.ttf in Resources */ = {isa = PBXBuildFile; fileRef = 2B9242572CC239A70031B39D /* Poppins-Light.ttf */; };
		2B92425D2CC239A80031B39D /* Poppins-Bold.ttf in Resources */ = {isa = PBXBuildFile; fileRef = 2B9242582CC239A70031B39D /* Poppins-Bold.ttf */; };
		2B92425E2CC239A80031B39D /* Poppins-Medium.ttf in Resources */ = {isa = PBXBuildFile; fileRef = 2B9242592CC239A70031B39D /* Poppins-Medium.ttf */; };
		2B92425F2CC239A80031B39D /* Poppins-SemiBold.ttf in Resources */ = {isa = PBXBuildFile; fileRef = 2B92425A2CC239A80031B39D /* Poppins-SemiBold.ttf */; };
		2B9242602CC239A80031B39D /* Poppins-Regular.ttf in Resources */ = {isa = PBXBuildFile; fileRef = 2B92425B2CC239A80031B39D /* Poppins-Regular.ttf */; };
		2B9242622CC23B100031B39D /* Launch Screen.storyboard in Resources */ = {isa = PBXBuildFile; fileRef = 2B9242612CC23B100031B39D /* Launch Screen.storyboard */; };
		2B9242652CC2432E0031B39D /* OnboardingScreen.swift in Sources */ = {isa = PBXBuildFile; fileRef = 2B9242642CC2432E0031B39D /* OnboardingScreen.swift */; };
		2B9242672CC265E60031B39D /* LogInView.swift in Sources */ = {isa = PBXBuildFile; fileRef = 2B9242662CC265E60031B39D /* LogInView.swift */; };
		2BE3320B2CC272D10047BFB7 /* Product.swift in Sources */ = {isa = PBXBuildFile; fileRef = 2BE3320A2CC272D10047BFB7 /* Product.swift */; };
/* End PBXBuildFile section */

/* Begin PBXFileReference section */
		2B0B79F62CC62607005091D4 /* HomePageView.swift */ = {isa = PBXFileReference; lastKnownFileType = sourcecode.swift; path = HomePageView.swift; sourceTree = "<group>"; };
		2B0B79F92CC626F7005091D4 /* SignUpView.swift */ = {isa = PBXFileReference; lastKnownFileType = sourcecode.swift; path = SignUpView.swift; sourceTree = "<group>"; };
		2B0B79FB2CC6292A005091D4 /* UITextFieldAndButton.swift */ = {isa = PBXFileReference; lastKnownFileType = sourcecode.swift; path = UITextFieldAndButton.swift; sourceTree = "<group>"; };
		2B0B79FD2CC62C82005091D4 /* KeyboardResponsiveModifier.swift */ = {isa = PBXFileReference; lastKnownFileType = sourcecode.swift; path = KeyboardResponsiveModifier.swift; sourceTree = "<group>"; };
		2B0B79FF2CC632D6005091D4 /* ProductCellDataReusable.swift */ = {isa = PBXFileReference; lastKnownFileType = sourcecode.swift; path = ProductCellDataReusable.swift; sourceTree = "<group>"; };
		2B0B7A022CC633BF005091D4 /* PopUpView.swift */ = {isa = PBXFileReference; lastKnownFileType = sourcecode.swift; path = PopUpView.swift; sourceTree = "<group>"; };
		2B0B7A042CC63500005091D4 /* addedProductButton.swift */ = {isa = PBXFileReference; lastKnownFileType = sourcecode.swift; path = addedProductButton.swift; sourceTree = "<group>"; };
		2B0B7A062CC65409005091D4 /* SearchBarProductView.swift */ = {isa = PBXFileReference; lastKnownFileType = sourcecode.swift; path = SearchBarProductView.swift; sourceTree = "<group>"; };
		2B216B542CC78779002AF809 /* TopSelfSection.swift */ = {isa = PBXFileReference; lastKnownFileType = sourcecode.swift; path = TopSelfSection.swift; sourceTree = "<group>"; };
		2B216B572CC7938C002AF809 /* HealthPlansView.swift */ = {isa = PBXFileReference; lastKnownFileType = sourcecode.swift; path = HealthPlansView.swift; sourceTree = "<group>"; };
		2B9242392CC237770031B39D /* Tata 1mg.app */ = {isa = PBXFileReference; explicitFileType = wrapper.application; includeInIndex = 0; path = "Tata 1mg.app"; sourceTree = BUILT_PRODUCTS_DIR; };
		2B92423C2CC237770031B39D /* Tata_1mgApp.swift */ = {isa = PBXFileReference; lastKnownFileType = sourcecode.swift; path = Tata_1mgApp.swift; sourceTree = "<group>"; };
		2B92423E2CC237770031B39D /* ContentView.swift */ = {isa = PBXFileReference; lastKnownFileType = sourcecode.swift; path = ContentView.swift; sourceTree = "<group>"; };
		2B9242402CC237780031B39D /* Assets.xcassets */ = {isa = PBXFileReference; lastKnownFileType = folder.assetcatalog; path = Assets.xcassets; sourceTree = "<group>"; };
		2B9242432CC237780031B39D /* Preview Assets.xcassets */ = {isa = PBXFileReference; lastKnownFileType = folder.assetcatalog; path = "Preview Assets.xcassets"; sourceTree = "<group>"; };
		2B9242452CC237780031B39D /* Persistence.swift */ = {isa = PBXFileReference; lastKnownFileType = sourcecode.swift; path = Persistence.swift; sourceTree = "<group>"; };
		2B9242482CC237790031B39D /* Tata_1mg.xcdatamodel */ = {isa = PBXFileReference; lastKnownFileType = wrapper.xcdatamodel; path = Tata_1mg.xcdatamodel; sourceTree = "<group>"; };
		2B9242532CC238C10031B39D /* UIExtensions.swift */ = {isa = PBXFileReference; lastKnownFileType = sourcecode.swift; path = UIExtensions.swift; sourceTree = "<group>"; };
		2B9242552CC239720031B39D /* Tata-1mg-Info.plist */ = {isa = PBXFileReference; lastKnownFileType = text.plist.xml; name = "Tata-1mg-Info.plist"; path = "Tata 1mg/Tata-1mg-Info.plist"; sourceTree = SOURCE_ROOT; };
		2B9242572CC239A70031B39D /* Poppins-Light.ttf */ = {isa = PBXFileReference; lastKnownFileType = file; path = "Poppins-Light.ttf"; sourceTree = "<group>"; };
		2B9242582CC239A70031B39D /* Poppins-Bold.ttf */ = {isa = PBXFileReference; lastKnownFileType = file; path = "Poppins-Bold.ttf"; sourceTree = "<group>"; };
		2B9242592CC239A70031B39D /* Poppins-Medium.ttf */ = {isa = PBXFileReference; lastKnownFileType = file; path = "Poppins-Medium.ttf"; sourceTree = "<group>"; };
		2B92425A2CC239A80031B39D /* Poppins-SemiBold.ttf */ = {isa = PBXFileReference; lastKnownFileType = file; path = "Poppins-SemiBold.ttf"; sourceTree = "<group>"; };
		2B92425B2CC239A80031B39D /* Poppins-Regular.ttf */ = {isa = PBXFileReference; lastKnownFileType = file; path = "Poppins-Regular.ttf"; sourceTree = "<group>"; };
		2B9242612CC23B100031B39D /* Launch Screen.storyboard */ = {isa = PBXFileReference; lastKnownFileType = file.storyboard; path = "Launch Screen.storyboard"; sourceTree = "<group>"; };
		2B9242642CC2432E0031B39D /* OnboardingScreen.swift */ = {isa = PBXFileReference; lastKnownFileType = sourcecode.swift; path = OnboardingScreen.swift; sourceTree = "<group>"; };
		2B9242662CC265E60031B39D /* LogInView.swift */ = {isa = PBXFileReference; lastKnownFileType = sourcecode.swift; path = LogInView.swift; sourceTree = "<group>"; };
		2BE3320A2CC272D10047BFB7 /* Product.swift */ = {isa = PBXFileReference; lastKnownFileType = sourcecode.swift; path = Product.swift; sourceTree = "<group>"; };
/* End PBXFileReference section */

/* Begin PBXFrameworksBuildPhase section */
		2B9242362CC237770031B39D /* Frameworks */ = {
			isa = PBXFrameworksBuildPhase;
			buildActionMask = 2147483647;
			files = (
			);
			runOnlyForDeploymentPostprocessing = 0;
		};
/* End PBXFrameworksBuildPhase section */

/* Begin PBXGroup section */
		2B0B79F82CC62614005091D4 /* Home */ = {
			isa = PBXGroup;
			children = (
				2B0B79F62CC62607005091D4 /* HomePageView.swift */,
				2B0B7A062CC65409005091D4 /* SearchBarProductView.swift */,
			);
			path = Home;
			sourceTree = "<group>";
		};
		2B0B7A012CC633A8005091D4 /* DetailProduct */ = {
			isa = PBXGroup;
			children = (
				2B0B7A022CC633BF005091D4 /* PopUpView.swift */,
				2B0B7A042CC63500005091D4 /* addedProductButton.swift */,
			);
			path = DetailProduct;
			sourceTree = "<group>";
		};
		2B216B532CC7872A002AF809 /* UIComponent */ = {
			isa = PBXGroup;
			children = (
				2B216B542CC78779002AF809 /* TopSelfSection.swift */,
			);
			path = UIComponent;
			sourceTree = "<group>";
		};
		2B216B562CC79376002AF809 /* TabView */ = {
			isa = PBXGroup;
			children = (
				2B216B572CC7938C002AF809 /* HealthPlansView.swift */,
			);
			path = TabView;
			sourceTree = "<group>";
		};
		2B9242302CC237760031B39D = {
			isa = PBXGroup;
			children = (
				2B92423B2CC237770031B39D /* Tata 1mg */,
				2B92423A2CC237770031B39D /* Products */,
			);
			sourceTree = "<group>";
		};
		2B92423A2CC237770031B39D /* Products */ = {
			isa = PBXGroup;
			children = (
				2B9242392CC237770031B39D /* Tata 1mg.app */,
			);
			name = Products;
			sourceTree = "<group>";
		};
		2B92423B2CC237770031B39D /* Tata 1mg */ = {
			isa = PBXGroup;
			children = (
				2B9242552CC239720031B39D /* Tata-1mg-Info.plist */,
				2B9242522CC237DE0031B39D /* ViewModel */,
				2B9242512CC237D50031B39D /* View */,
				2B9242502CC237CD0031B39D /* Model */,
				2B92423C2CC237770031B39D /* Tata_1mgApp.swift */,
				2B92423E2CC237770031B39D /* ContentView.swift */,
				2B92424F2CC2379F0031B39D /* UICommon */,
				2B9242562CC2397B0031B39D /* Fonts */,
				2B9242402CC237780031B39D /* Assets.xcassets */,
				2B216B532CC7872A002AF809 /* UIComponent */,
				2B9242452CC237780031B39D /* Persistence.swift */,
				2B9242472CC237790031B39D /* Tata_1mg.xcdatamodeld */,
				2B9242422CC237780031B39D /* Preview Content */,
				2B9242612CC23B100031B39D /* Launch Screen.storyboard */,
			);
			path = "Tata 1mg";
			sourceTree = "<group>";
		};
		2B9242422CC237780031B39D /* Preview Content */ = {
			isa = PBXGroup;
			children = (
				2B9242432CC237780031B39D /* Preview Assets.xcassets */,
			);
			path = "Preview Content";
			sourceTree = "<group>";
		};
		2B92424F2CC2379F0031B39D /* UICommon */ = {
			isa = PBXGroup;
			children = (
				2B0B7A012CC633A8005091D4 /* DetailProduct */,
				2B9242532CC238C10031B39D /* UIExtensions.swift */,
				2B0B79FB2CC6292A005091D4 /* UITextFieldAndButton.swift */,
				2B0B79FD2CC62C82005091D4 /* KeyboardResponsiveModifier.swift */,
				2B0B79FF2CC632D6005091D4 /* ProductCellDataReusable.swift */,
			);
			path = UICommon;
			sourceTree = "<group>";
		};
		2B9242502CC237CD0031B39D /* Model */ = {
			isa = PBXGroup;
			children = (
				2BE3320A2CC272D10047BFB7 /* Product.swift */,
			);
			path = Model;
			sourceTree = "<group>";
		};
		2B9242512CC237D50031B39D /* View */ = {
			isa = PBXGroup;
			children = (
				2B216B562CC79376002AF809 /* TabView */,
				2B0B79F82CC62614005091D4 /* Home */,
				2B9242632CC243180031B39D /* Login */,
			);
			path = View;
			sourceTree = "<group>";
		};
		2B9242522CC237DE0031B39D /* ViewModel */ = {
			isa = PBXGroup;
			children = (
			);
			path = ViewModel;
			sourceTree = "<group>";
		};
		2B9242562CC2397B0031B39D /* Fonts */ = {
			isa = PBXGroup;
			children = (
				2B9242572CC239A70031B39D /* Poppins-Light.ttf */,
				2B92425B2CC239A80031B39D /* Poppins-Regular.ttf */,
				2B9242592CC239A70031B39D /* Poppins-Medium.ttf */,
				2B92425A2CC239A80031B39D /* Poppins-SemiBold.ttf */,
				2B9242582CC239A70031B39D /* Poppins-Bold.ttf */,
			);
			path = Fonts;
			sourceTree = "<group>";
		};
		2B9242632CC243180031B39D /* Login */ = {
			isa = PBXGroup;
			children = (
				2B9242642CC2432E0031B39D /* OnboardingScreen.swift */,
				2B9242662CC265E60031B39D /* LogInView.swift */,
				2B0B79F92CC626F7005091D4 /* SignUpView.swift */,
			);
			path = Login;
			sourceTree = "<group>";
		};
/* End PBXGroup section */

/* Begin PBXNativeTarget section */
		2B9242382CC237770031B39D /* Tata 1mg */ = {
			isa = PBXNativeTarget;
			buildConfigurationList = 2B92424C2CC237790031B39D /* Build configuration list for PBXNativeTarget "Tata 1mg" */;
			buildPhases = (
				2B9242352CC237770031B39D /* Sources */,
				2B9242362CC237770031B39D /* Frameworks */,
				2B9242372CC237770031B39D /* Resources */,
			);
			buildRules = (
			);
			dependencies = (
			);
			name = "Tata 1mg";
			productName = "Tata 1mg";
			productReference = 2B9242392CC237770031B39D /* Tata 1mg.app */;
			productType = "com.apple.product-type.application";
		};
/* End PBXNativeTarget section */

/* Begin PBXProject section */
		2B9242312CC237770031B39D /* Project object */ = {
			isa = PBXProject;
			attributes = {
				BuildIndependentTargetsInParallel = 1;
				LastSwiftUpdateCheck = 1420;
				LastUpgradeCheck = 1420;
				TargetAttributes = {
					2B9242382CC237770031B39D = {
						CreatedOnToolsVersion = 14.2;
					};
				};
			};
			buildConfigurationList = 2B9242342CC237770031B39D /* Build configuration list for PBXProject "Tata 1mg" */;
			compatibilityVersion = "Xcode 14.0";
			developmentRegion = en;
			hasScannedForEncodings = 0;
			knownRegions = (
				en,
				Base,
			);
			mainGroup = 2B9242302CC237760031B39D;
			productRefGroup = 2B92423A2CC237770031B39D /* Products */;
			projectDirPath = "";
			projectRoot = "";
			targets = (
				2B9242382CC237770031B39D /* Tata 1mg */,
			);
		};
/* End PBXProject section */

/* Begin PBXResourcesBuildPhase section */
		2B9242372CC237770031B39D /* Resources */ = {
			isa = PBXResourcesBuildPhase;
			buildActionMask = 2147483647;
			files = (
				2B9242442CC237780031B39D /* Preview Assets.xcassets in Resources */,
				2B92425C2CC239A80031B39D /* Poppins-Light.ttf in Resources */,
				2B9242622CC23B100031B39D /* Launch Screen.storyboard in Resources */,
				2B9242602CC239A80031B39D /* Poppins-Regular.ttf in Resources */,
				2B9242412CC237780031B39D /* Assets.xcassets in Resources */,
				2B92425F2CC239A80031B39D /* Poppins-SemiBold.ttf in Resources */,
				2B92425D2CC239A80031B39D /* Poppins-Bold.ttf in Resources */,
				2B92425E2CC239A80031B39D /* Poppins-Medium.ttf in Resources */,
			);
			runOnlyForDeploymentPostprocessing = 0;
		};
/* End PBXResourcesBuildPhase section */

/* Begin PBXSourcesBuildPhase section */
		2B9242352CC237770031B39D /* Sources */ = {
			isa = PBXSourcesBuildPhase;
			buildActionMask = 2147483647;
			files = (
				2B9242462CC237780031B39D /* Persistence.swift in Sources */,
				2B216B552CC78779002AF809 /* TopSelfSection.swift in Sources */,
				2B0B7A002CC632D6005091D4 /* ProductCellDataReusable.swift in Sources */,
				2BE3320B2CC272D10047BFB7 /* Product.swift in Sources */,
				2B9242672CC265E60031B39D /* LogInView.swift in Sources */,
				2B0B7A072CC65409005091D4 /* SearchBarProductView.swift in Sources */,
				2B92423F2CC237770031B39D /* ContentView.swift in Sources */,
				2B216B582CC7938C002AF809 /* HealthPlansView.swift in Sources */,
				2B9242652CC2432E0031B39D /* OnboardingScreen.swift in Sources */,
				2B92423D2CC237770031B39D /* Tata_1mgApp.swift in Sources */,
				2B0B7A032CC633BF005091D4 /* PopUpView.swift in Sources */,
				2B0B79FA2CC626F7005091D4 /* SignUpView.swift in Sources */,
				2B9242542CC238C10031B39D /* UIExtensions.swift in Sources */,
				2B0B79FC2CC6292A005091D4 /* UITextFieldAndButton.swift in Sources */,
				2B0B7A052CC63500005091D4 /* addedProductButton.swift in Sources */,
				2B0B79F72CC62607005091D4 /* HomePageView.swift in Sources */,
				2B0B79FE2CC62C82005091D4 /* KeyboardResponsiveModifier.swift in Sources */,
				2B9242492CC237790031B39D /* Tata_1mg.xcdatamodeld in Sources */,
			);
			runOnlyForDeploymentPostprocessing = 0;
		};
/* End PBXSourcesBuildPhase section */

/* Begin XCBuildConfiguration section */
		2B92424A2CC237790031B39D /* Debug */ = {
			isa = XCBuildConfiguration;
			buildSettings = {
				ALWAYS_SEARCH_USER_PATHS = NO;
				CLANG_ANALYZER_NONNULL = YES;
				CLANG_ANALYZER_NUMBER_OBJECT_CONVERSION = YES_AGGRESSIVE;
				CLANG_CXX_LANGUAGE_STANDARD = "gnu++20";
				CLANG_ENABLE_MODULES = YES;
				CLANG_ENABLE_OBJC_ARC = YES;
				CLANG_ENABLE_OBJC_WEAK = YES;
				CLANG_WARN_BLOCK_CAPTURE_AUTORELEASING = YES;
				CLANG_WARN_BOOL_CONVERSION = YES;
				CLANG_WARN_COMMA = YES;
				CLANG_WARN_CONSTANT_CONVERSION = YES;
				CLANG_WARN_DEPRECATED_OBJC_IMPLEMENTATIONS = YES;
				CLANG_WARN_DIRECT_OBJC_ISA_USAGE = YES_ERROR;
				CLANG_WARN_DOCUMENTATION_COMMENTS = YES;
				CLANG_WARN_EMPTY_BODY = YES;
				CLANG_WARN_ENUM_CONVERSION = YES;
				CLANG_WARN_INFINITE_RECURSION = YES;
				CLANG_WARN_INT_CONVERSION = YES;
				CLANG_WARN_NON_LITERAL_NULL_CONVERSION = YES;
				CLANG_WARN_OBJC_IMPLICIT_RETAIN_SELF = YES;
				CLANG_WARN_OBJC_LITERAL_CONVERSION = YES;
				CLANG_WARN_OBJC_ROOT_CLASS = YES_ERROR;
				CLANG_WARN_QUOTED_INCLUDE_IN_FRAMEWORK_HEADER = YES;
				CLANG_WARN_RANGE_LOOP_ANALYSIS = YES;
				CLANG_WARN_STRICT_PROTOTYPES = YES;
				CLANG_WARN_SUSPICIOUS_MOVE = YES;
				CLANG_WARN_UNGUARDED_AVAILABILITY = YES_AGGRESSIVE;
				CLANG_WARN_UNREACHABLE_CODE = YES;
				CLANG_WARN__DUPLICATE_METHOD_MATCH = YES;
				COPY_PHASE_STRIP = NO;
				DEBUG_INFORMATION_FORMAT = dwarf;
				ENABLE_STRICT_OBJC_MSGSEND = YES;
				ENABLE_TESTABILITY = YES;
				GCC_C_LANGUAGE_STANDARD = gnu11;
				GCC_DYNAMIC_NO_PIC = NO;
				GCC_NO_COMMON_BLOCKS = YES;
				GCC_OPTIMIZATION_LEVEL = 0;
				GCC_PREPROCESSOR_DEFINITIONS = (
					"DEBUG=1",
					"$(inherited)",
				);
				GCC_WARN_64_TO_32_BIT_CONVERSION = YES;
				GCC_WARN_ABOUT_RETURN_TYPE = YES_ERROR;
				GCC_WARN_UNDECLARED_SELECTOR = YES;
				GCC_WARN_UNINITIALIZED_AUTOS = YES_AGGRESSIVE;
				GCC_WARN_UNUSED_FUNCTION = YES;
				GCC_WARN_UNUSED_VARIABLE = YES;
				IPHONEOS_DEPLOYMENT_TARGET = 16.2;
				MTL_ENABLE_DEBUG_INFO = INCLUDE_SOURCE;
				MTL_FAST_MATH = YES;
				ONLY_ACTIVE_ARCH = YES;
				SDKROOT = iphoneos;
				SWIFT_ACTIVE_COMPILATION_CONDITIONS = DEBUG;
				SWIFT_OPTIMIZATION_LEVEL = "-Onone";
			};
			name = Debug;
		};
		2B92424B2CC237790031B39D /* Release */ = {
			isa = XCBuildConfiguration;
			buildSettings = {
				ALWAYS_SEARCH_USER_PATHS = NO;
				CLANG_ANALYZER_NONNULL = YES;
				CLANG_ANALYZER_NUMBER_OBJECT_CONVERSION = YES_AGGRESSIVE;
				CLANG_CXX_LANGUAGE_STANDARD = "gnu++20";
				CLANG_ENABLE_MODULES = YES;
				CLANG_ENABLE_OBJC_ARC = YES;
				CLANG_ENABLE_OBJC_WEAK = YES;
				CLANG_WARN_BLOCK_CAPTURE_AUTORELEASING = YES;
				CLANG_WARN_BOOL_CONVERSION = YES;
				CLANG_WARN_COMMA = YES;
				CLANG_WARN_CONSTANT_CONVERSION = YES;
				CLANG_WARN_DEPRECATED_OBJC_IMPLEMENTATIONS = YES;
				CLANG_WARN_DIRECT_OBJC_ISA_USAGE = YES_ERROR;
				CLANG_WARN_DOCUMENTATION_COMMENTS = YES;
				CLANG_WARN_EMPTY_BODY = YES;
				CLANG_WARN_ENUM_CONVERSION = YES;
				CLANG_WARN_INFINITE_RECURSION = YES;
				CLANG_WARN_INT_CONVERSION = YES;
				CLANG_WARN_NON_LITERAL_NULL_CONVERSION = YES;
				CLANG_WARN_OBJC_IMPLICIT_RETAIN_SELF = YES;
				CLANG_WARN_OBJC_LITERAL_CONVERSION = YES;
				CLANG_WARN_OBJC_ROOT_CLASS = YES_ERROR;
				CLANG_WARN_QUOTED_INCLUDE_IN_FRAMEWORK_HEADER = YES;
				CLANG_WARN_RANGE_LOOP_ANALYSIS = YES;
				CLANG_WARN_STRICT_PROTOTYPES = YES;
				CLANG_WARN_SUSPICIOUS_MOVE = YES;
				CLANG_WARN_UNGUARDED_AVAILABILITY = YES_AGGRESSIVE;
				CLANG_WARN_UNREACHABLE_CODE = YES;
				CLANG_WARN__DUPLICATE_METHOD_MATCH = YES;
				COPY_PHASE_STRIP = NO;
				DEBUG_INFORMATION_FORMAT = "dwarf-with-dsym";
				ENABLE_NS_ASSERTIONS = NO;
				ENABLE_STRICT_OBJC_MSGSEND = YES;
				GCC_C_LANGUAGE_STANDARD = gnu11;
				GCC_NO_COMMON_BLOCKS = YES;
				GCC_WARN_64_TO_32_BIT_CONVERSION = YES;
				GCC_WARN_ABOUT_RETURN_TYPE = YES_ERROR;
				GCC_WARN_UNDECLARED_SELECTOR = YES;
				GCC_WARN_UNINITIALIZED_AUTOS = YES_AGGRESSIVE;
				GCC_WARN_UNUSED_FUNCTION = YES;
				GCC_WARN_UNUSED_VARIABLE = YES;
				IPHONEOS_DEPLOYMENT_TARGET = 16.2;
				MTL_ENABLE_DEBUG_INFO = NO;
				MTL_FAST_MATH = YES;
				SDKROOT = iphoneos;
				SWIFT_COMPILATION_MODE = wholemodule;
				SWIFT_OPTIMIZATION_LEVEL = "-O";
				VALIDATE_PRODUCT = YES;
			};
			name = Release;
		};
		2B92424D2CC237790031B39D /* Debug */ = {
			isa = XCBuildConfiguration;
			buildSettings = {
				ASSETCATALOG_COMPILER_APPICON_NAME = AppIcon;
				ASSETCATALOG_COMPILER_GLOBAL_ACCENT_COLOR_NAME = AccentColor;
				CODE_SIGN_STYLE = Automatic;
				CURRENT_PROJECT_VERSION = 1;
				DEVELOPMENT_ASSET_PATHS = "\"Tata 1mg/Preview Content\"";
				DEVELOPMENT_TEAM = 5GLDB8325L;
				ENABLE_PREVIEWS = YES;
				GENERATE_INFOPLIST_FILE = YES;
				INFOPLIST_FILE = "Tata-1mg-Info.plist";
				INFOPLIST_KEY_UIApplicationSceneManifest_Generation = YES;
				INFOPLIST_KEY_UIApplicationSupportsIndirectInputEvents = YES;
				INFOPLIST_KEY_UILaunchScreen_Generation = YES;
				INFOPLIST_KEY_UILaunchStoryboardName = "Launch Screen.storyboard";
				INFOPLIST_KEY_UISupportedInterfaceOrientations = UIInterfaceOrientationPortrait;
				IPHONEOS_DEPLOYMENT_TARGET = 15.0;
				LD_RUNPATH_SEARCH_PATHS = (
					"$(inherited)",
					"@executable_path/Frameworks",
				);
				MARKETING_VERSION = 1.0;
				PRODUCT_BUNDLE_IDENTIFIER = "com.bridgelabz.Tata-1mg";
				PRODUCT_NAME = "$(TARGET_NAME)";
				SWIFT_EMIT_LOC_STRINGS = YES;
				SWIFT_VERSION = 5.0;
				TARGETED_DEVICE_FAMILY = "1,2";
			};
			name = Debug;
		};
		2B92424E2CC237790031B39D /* Release */ = {
			isa = XCBuildConfiguration;
			buildSettings = {
				ASSETCATALOG_COMPILER_APPICON_NAME = AppIcon;
				ASSETCATALOG_COMPILER_GLOBAL_ACCENT_COLOR_NAME = AccentColor;
				CODE_SIGN_STYLE = Automatic;
				CURRENT_PROJECT_VERSION = 1;
				DEVELOPMENT_ASSET_PATHS = "\"Tata 1mg/Preview Content\"";
				DEVELOPMENT_TEAM = 5GLDB8325L;
				ENABLE_PREVIEWS = YES;
				GENERATE_INFOPLIST_FILE = YES;
				INFOPLIST_FILE = "Tata-1mg-Info.plist";
				INFOPLIST_KEY_UIApplicationSceneManifest_Generation = YES;
				INFOPLIST_KEY_UIApplicationSupportsIndirectInputEvents = YES;
				INFOPLIST_KEY_UILaunchScreen_Generation = YES;
				INFOPLIST_KEY_UILaunchStoryboardName = "Launch Screen.storyboard";
				INFOPLIST_KEY_UISupportedInterfaceOrientations = UIInterfaceOrientationPortrait;
				IPHONEOS_DEPLOYMENT_TARGET = 15.0;
				LD_RUNPATH_SEARCH_PATHS = (
					"$(inherited)",
					"@executable_path/Frameworks",
				);
				MARKETING_VERSION = 1.0;
				PRODUCT_BUNDLE_IDENTIFIER = "com.bridgelabz.Tata-1mg";
				PRODUCT_NAME = "$(TARGET_NAME)";
				SWIFT_EMIT_LOC_STRINGS = YES;
				SWIFT_VERSION = 5.0;
				TARGETED_DEVICE_FAMILY = "1,2";
			};
			name = Release;
		};
/* End XCBuildConfiguration section */

/* Begin XCConfigurationList section */
		2B9242342CC237770031B39D /* Build configuration list for PBXProject "Tata 1mg" */ = {
			isa = XCConfigurationList;
			buildConfigurations = (
				2B92424A2CC237790031B39D /* Debug */,
				2B92424B2CC237790031B39D /* Release */,
			);
			defaultConfigurationIsVisible = 0;
			defaultConfigurationName = Release;
		};
		2B92424C2CC237790031B39D /* Build configuration list for PBXNativeTarget "Tata 1mg" */ = {
			isa = XCConfigurationList;
			buildConfigurations = (
				2B92424D2CC237790031B39D /* Debug */,
				2B92424E2CC237790031B39D /* Release */,
			);
			defaultConfigurationIsVisible = 0;
			defaultConfigurationName = Release;
		};
/* End XCConfigurationList section */

/* Begin XCVersionGroup section */
		2B9242472CC237790031B39D /* Tata_1mg.xcdatamodeld */ = {
			isa = XCVersionGroup;
			children = (
				2B9242482CC237790031B39D /* Tata_1mg.xcdatamodel */,
			);
			currentVersion = 2B9242482CC237790031B39D /* Tata_1mg.xcdatamodel */;
			path = Tata_1mg.xcdatamodeld;
			sourceTree = "<group>";
			versionGroupType = wrapper.xcdatamodel;
		};
/* End XCVersionGroup section */
	};
	rootObject = 2B9242312CC237770031B39D /* Project object */;
}
